hash: 9941f3f7d83b0b8c9122263145fc18a6145ff312848257d36fc2dfae78993df5
updated: 2017-06-14T22:19:05.365837199-05:00
imports:
- name: github.com/mvdan/xurls
  version: d315b61cf6727664f310fa87b3197e9faf2a8513
- name: github.com/urfave/cli
  version: cf33a9befefdd6c6ea1a236ab6d546e797a62cbf
testImports: []
